
Microsoft Visual Studio Solution File, Format Version 12.00
# Visual Studio Version 17
VisualStudioVersion = 17.14.36811.4 d17.14
MinimumVisualStudioVersion = 10.0.40219.1
Project("{FAE04EC0-301F-11D3-BF4B-00C04F79EFBC}") = "DAL", "DAL\DAL.csproj", "{1AD3178B-E2BC-47A9-AB02-62E1F491C917}"
EndProject
Project("{FAE04EC0-301F-11D3-BF4B-00C04F79EFBC}") = "WinForms", "WinForms\WinForms.csproj", "{18A75A98-80EF-4A29-AB22-FD7BA7E623FE}"
EndProject
Project("{FAE04EC0-301F-11D3-BF4B-00C04F79EFBC}") = "WPF", "WPF\WPF.csproj", "{77E216C3-2559-461F-873A-5174FC44DD51}"
EndProject
Global
	GlobalSection(SolutionConfigurationPlatforms) = preSolution
		Debug|Any CPU = Debug|Any CPU
		Release|Any CPU = Release|Any CPU
	EndGlobalSection
	GlobalSection(ProjectConfigurationPlatforms) = postSolution
		{1AD3178B-E2BC-47A9-AB02-62E1F491C917}.Debug|Any CPU.ActiveCfg = Debug|Any CPU
		{1AD3178B-E2BC-47A9-AB02-62E1F491C917}.Debug|Any CPU.Build.0 = Debug|Any CPU
		{1AD3178B-E2BC-47A9-AB02-62E1F491C917}.Release|Any CPU.ActiveCfg = Release|Any CPU
		{1AD3178B-E2BC-47A9-AB02-62E1F491C917}.Release|Any CPU.Build.0 = Release|Any CPU
		{18A75A98-80EF-4A29-AB22-FD7BA7E623FE}.Debug|Any CPU.ActiveCfg = Debug|Any CPU
		{18A75A98-80EF-4A29-AB22-FD7BA7E623FE}.Debug|Any CPU.Build.0 = Debug|Any CPU
		{18A75A98-80EF-4A29-AB22-FD7BA7E623FE}.Release|Any CPU.ActiveCfg = Release|Any CPU
		{18A75A98-80EF-4A29-AB22-FD7BA7E623FE}.Release|Any CPU.Build.0 = Release|Any CPU
		{77E216C3-2559-461F-873A-5174FC44DD51}.Debug|Any CPU.ActiveCfg = Debug|Any CPU
		{77E216C3-2559-461F-873A-5174FC44DD51}.Debug|Any CPU.Build.0 = Debug|Any CPU
		{77E216C3-2559-461F-873A-5174FC44DD51}.Release|Any CPU.ActiveCfg = Release|Any CPU
		{77E216C3-2559-461F-873A-5174FC44DD51}.Release|Any CPU.Build.0 = Release|Any CPU
	EndGlobalSection
	GlobalSection(SolutionProperties) = preSolution
		HideSolutionNode = FALSE
	EndGlobalSection
	GlobalSection(ExtensibilityGlobals) = postSolution
		SolutionGuid = {98B9842B-3998-4B80-B6F2-5B371D3B425F}
	EndGlobalSection
EndGlobal
